
Microsoft Visual Studio Solution File, Format Version 12.00
# Visual Studio Version 16
VisualStudioVersion = 16.0.31702.278
MinimumVisualStudioVersion = 10.0.40219.1
Project("{FAE04EC0-301F-11D3-BF4B-00C04F79EFBC}") = "MobileApp.Android", "MobileApp\MobileApp.Android\MobileApp.Android.csproj", "{2004FC81-629B-4FF4-9DCC-B994FA5B223E}"
EndProject
Project("{FAE04EC0-301F-11D3-BF4B-00C04F79EFBC}") = "MobileApp.iOS", "MobileApp\MobileApp.iOS\MobileApp.iOS.csproj", "{181BA824-02EB-4925-9558-530F83814F1B}"
EndProject
Project("{FAE04EC0-301F-11D3-BF4B-00C04F79EFBC}") = "MobileApp", "MobileApp\MobileApp\MobileApp.csproj", "{A131C367-AD60-47DA-AB3D-8002AE6CBC83}"
EndProject
Global
	GlobalSection(SolutionConfigurationPlatforms) = preSolution
		Debug|Any CPU = Debug|Any CPU
		Debug|iPhone = Debug|iPhone
		Debug|iPhoneSimulator = Debug|iPhoneSimulator
		Release|Any CPU = Release|Any CPU
		Release|iPhone = Release|iPhone
		Release|iPhoneSimulator = Release|iPhoneSimulator
	EndGlobalSection
	GlobalSection(ProjectConfigurationPlatforms) = postSolution
		{2004FC81-629B-4FF4-9DCC-B994FA5B223E}.Debug|Any CPU.ActiveCfg = Debug|Any CPU
		{2004FC81-629B-4FF4-9DCC-B994FA5B223E}.Debug|Any CPU.Build.0 = Debug|Any CPU
		{2004FC81-629B-4FF4-9DCC-B994FA5B223E}.Debug|Any CPU.Deploy.0 = Debug|Any CPU
		{2004FC81-629B-4FF4-9DCC-B994FA5B223E}.Debug|iPhone.ActiveCfg = Debug|Any CPU
		{2004FC81-629B-4FF4-9DCC-B994FA5B223E}.Debug|iPhone.Build.0 = Debug|Any CPU
		{2004FC81-629B-4FF4-9DCC-B994FA5B223E}.Debug|iPhone.Deploy.0 = Debug|Any CPU
		{2004FC81-629B-4FF4-9DCC-B994FA5B223E}.Debug|iPhoneSimulator.ActiveCfg = Debug|Any CPU
		{2004FC81-629B-4FF4-9DCC-B994FA5B223E}.Debug|iPhoneSimulator.Build.0 = Debug|Any CPU
		{2004FC81-629B-4FF4-9DCC-B994FA5B223E}.Debug|iPhoneSimulator.Deploy.0 = Debug|Any CPU
		{2004FC81-629B-4FF4-9DCC-B994FA5B223E}.Release|Any CPU.ActiveCfg = Release|Any CPU
		{2004FC81-629B-4FF4-9DCC-B994FA5B223E}.Release|Any CPU.Build.0 = Release|Any CPU
		{2004FC81-629B-4FF4-9DCC-B994FA5B223E}.Release|Any CPU.Deploy.0 = Release|Any CPU
		{2004FC81-629B-4FF4-9DCC-B994FA5B223E}.Release|iPhone.ActiveCfg = Release|Any CPU
		{2004FC81-629B-4FF4-9DCC-B994FA5B223E}.Release|iPhone.Build.0 = Release|Any CPU
		{2004FC81-629B-4FF4-9DCC-B994FA5B223E}.Release|iPhone.Deploy.0 = Release|Any CPU
		{2004FC81-629B-4FF4-9DCC-B994FA5B223E}.Release|iPhoneSimulator.ActiveCfg = Release|Any CPU
		{2004FC81-629B-4FF4-9DCC-B994FA5B223E}.Release|iPhoneSimulator.Build.0 = Release|Any CPU
		{2004FC81-629B-4FF4-9DCC-B994FA5B223E}.Release|iPhoneSimulator.Deploy.0 = Release|Any CPU
		{181BA824-02EB-4925-9558-530F83814F1B}.Debug|Any CPU.ActiveCfg = Debug|iPhone
		{181BA824-02EB-4925-9558-530F83814F1B}.Debug|Any CPU.Build.0 = Debug|iPhone
		{181BA824-02EB-4925-9558-530F83814F1B}.Debug|Any CPU.Deploy.0 = Debug|iPhone
		{181BA824-02EB-4925-9558-530F83814F1B}.Debug|iPhone.ActiveCfg = Debug|iPhone
		{181BA824-02EB-4925-9558-530F83814F1B}.Debug|iPhone.Build.0 = Debug|iPhone
		{181BA824-02EB-4925-9558-530F83814F1B}.Debug|iPhone.Deploy.0 = Debug|iPhone
		{181BA824-02EB-4925-9558-530F83814F1B}.Debug|iPhoneSimulator.ActiveCfg = Debug|iPhoneSimulator
		{181BA824-02EB-4925-9558-530F83814F1B}.Debug|iPhoneSimulator.Build.0 = Debug|iPhoneSimulator
		{181BA824-02EB-4925-9558-530F83814F1B}.Debug|iPhoneSimulator.Deploy.0 = Debug|iPhoneSimulator
		{181BA824-02EB-4925-9558-530F83814F1B}.Release|Any CPU.ActiveCfg = Release|iPhoneSimulator
		{181BA824-02EB-4925-9558-530F83814F1B}.Release|Any CPU.Build.0 = Release|iPhoneSimulator
		{181BA824-02EB-4925-9558-530F83814F1B}.Release|Any CPU.Deploy.0 = Release|iPhoneSimulator
		{181BA824-02EB-4925-9558-530F83814F1B}.Release|iPhone.ActiveCfg = Release|iPhone
		{181BA824-02EB-4925-9558-530F83814F1B}.Release|iPhone.Build.0 = Release|iPhone
		{181BA824-02EB-4925-9558-530F83814F1B}.Release|iPhone.Deploy.0 = Release|iPhone
		{181BA824-02EB-4925-9558-530F83814F1B}.Release|iPhoneSimulator.ActiveCfg = Release|iPhoneSimulator
		{181BA824-02EB-4925-9558-530F83814F1B}.Release|iPhoneSimulator.Build.0 = Release|iPhoneSimulator
		{181BA824-02EB-4925-9558-530F83814F1B}.Release|iPhoneSimulator.Deploy.0 = Release|iPhoneSimulator
		{A131C367-AD60-47DA-AB3D-8002AE6CBC83}.Debug|Any CPU.ActiveCfg = Debug|Any CPU
		{A131C367-AD60-47DA-AB3D-8002AE6CBC83}.Debug|Any CPU.Build.0 = Debug|Any CPU
		{A131C367-AD60-47DA-AB3D-8002AE6CBC83}.Debug|Any CPU.Deploy.0 = Debug|Any CPU
		{A131C367-AD60-47DA-AB3D-8002AE6CBC83}.Debug|iPhone.ActiveCfg = Debug|Any CPU
		{A131C367-AD60-47DA-AB3D-8002AE6CBC83}.Debug|iPhone.Build.0 = Debug|Any CPU
		{A131C367-AD60-47DA-AB3D-8002AE6CBC83}.Debug|iPhone.Deploy.0 = Debug|Any CPU
		{A131C367-AD60-47DA-AB3D-8002AE6CBC83}.Debug|iPhoneSimulator.ActiveCfg = Debug|Any CPU
		{A131C367-AD60-47DA-AB3D-8002AE6CBC83}.Debug|iPhoneSimulator.Build.0 = Debug|Any CPU
		{A131C367-AD60-47DA-AB3D-8002AE6CBC83}.Debug|iPhoneSimulator.Deploy.0 = Debug|Any CPU
		{A131C367-AD60-47DA-AB3D-8002AE6CBC83}.Release|Any CPU.ActiveCfg = Release|Any CPU
		{A131C367-AD60-47DA-AB3D-8002AE6CBC83}.Release|Any CPU.Build.0 = Release|Any CPU
		{A131C367-AD60-47DA-AB3D-8002AE6CBC83}.Release|Any CPU.Deploy.0 = Release|Any CPU
		{A131C367-AD60-47DA-AB3D-8002AE6CBC83}.Release|iPhone.ActiveCfg = Release|Any CPU
		{A131C367-AD60-47DA-AB3D-8002AE6CBC83}.Release|iPhone.Build.0 = Release|Any CPU
		{A131C367-AD60-47DA-AB3D-8002AE6CBC83}.Release|iPhone.Deploy.0 = Release|Any CPU
		{A131C367-AD60-47DA-AB3D-8002AE6CBC83}.Release|iPhoneSimulator.ActiveCfg = Release|Any CPU
		{A131C367-AD60-47DA-AB3D-8002AE6CBC83}.Release|iPhoneSimulator.Build.0 = Release|Any CPU
		{A131C367-AD60-47DA-AB3D-8002AE6CBC83}.Release|iPhoneSimulator.Deploy.0 = Release|Any CPU
	EndGlobalSection
	GlobalSection(SolutionProperties) = preSolution
		HideSolutionNode = FALSE
	EndGlobalSection
	GlobalSection(ExtensibilityGlobals) = postSolution
		SolutionGuid = {7BE27C0F-CBAE-444B-800A-4F03149CF28D}
	EndGlobalSection
EndGlobal
